<Solution>
  <Folder Name="/src/">
    <Project Path="src/LASWCD.Domain/LASWCD.Domain.csproj" />
    <Project Path="src/LASWCD.Infrastructure/LASWCD.Infrastructure.csproj" />
    <Project Path="src/LASWCD.Managers/LASWCD.Managers.csproj" />
    <Project Path="src/LASWCD.WebApi/LASWCD.WebApi.csproj" />
  </Folder>
  <Folder Name="/tests/">
    <Project Path="tests/LASWCD.Domain.Tests/LASWCD.Domain.Tests.csproj" />
    <Project Path="tests/LASWCD.Infrastructure.Tests/LASWCD.Infrastructure.Tests.csproj" />
    <Project Path="tests/LASWCD.Managers.Tests/LASWCD.Managers.Tests.csproj" />
    <Project Path="tests/LASWCD.WebApi.Tests/LASWCD.WebApi.Tests.csproj" />
  </Folder>
</Solution>
